
Microsoft Visual Studio Solution File, Format Version 12.00
# Visual Studio 15
VisualStudioVersion = 15.0.28307.645
MinimumVisualStudioVersion = 10.0.40219.1
Project("{FAE04EC0-301F-11D3-BF4B-00C04F79EFBC}") = "MonoGame.Extended", "MonoGame.Extended\MonoGame.Extended.csproj", "{BB3BC34B-CA42-4B42-BF42-EE46431DD232}"
EndProject
Project("{FAE04EC0-301F-11D3-BF4B-00C04F79EFBC}") = "MonoGame.Extended.Graphics", "MonoGame.Extended.Graphics\MonoGame.Extended.Graphics.csproj", "{0B5EBCFE-CCDB-4F60-A620-7B2B862C342E}"
EndProject
Project("{FAE04EC0-301F-11D3-BF4B-00C04F79EFBC}") = "MonoGame.Extended.Tiled", "MonoGame.Extended.Tiled\MonoGame.Extended.Tiled.csproj", "{F4149A11-A193-4D83-850A-B7C963284394}"
EndProject
Project("{FAE04EC0-301F-11D3-BF4B-00C04F79EFBC}") = "MonoGame.Extended.Content.Pipeline", "MonoGame.Extended.Content.Pipeline\MonoGame.Extended.Content.Pipeline.csproj", "{86CBEFB0-F725-4068-B87D-0F0A8C266058}"
EndProject
Project("{FAE04EC0-301F-11D3-BF4B-00C04F79EFBC}") = "HarvestMoon", "HarvestMoon\HarvestMoon.csproj", "{E8697B4F-C7EC-4E24-9D7C-E965950A9952}"
EndProject
Project("{FAE04EC0-301F-11D3-BF4B-00C04F79EFBC}") = "MonoGame.Extended.Entities", "MonoGame.Extended.Entities\MonoGame.Extended.Entities.csproj", "{A617A4BF-1ABE-4088-8029-8E945C7D4107}"
EndProject
Project("{FAE04EC0-301F-11D3-BF4B-00C04F79EFBC}") = "MonoGame.Extended.Collisions", "MonoGame.Extended.Collisions\MonoGame.Extended.Collisions.csproj", "{8ABB73EE-25AE-4C2C-8915-68788B8D6C3F}"
EndProject
Project("{FAE04EC0-301F-11D3-BF4B-00C04F79EFBC}") = "MonoGame.Extended.Input", "MonoGame.Extended.Input\MonoGame.Extended.Input.csproj", "{B1B492F6-7E3D-4313-B304-471D387AA7DD}"
EndProject
Project("{FAE04EC0-301F-11D3-BF4B-00C04F79EFBC}") = "GeonBit.UI", "GeonBit.UI\GeonBit.UI.csproj", "{F36C38BC-AE20-4607-B945-AFBF895721DF}"
EndProject
Project("{FAE04EC0-301F-11D3-BF4B-00C04F79EFBC}") = "DataTypes", "DataTypes\DataTypes.csproj", "{8003BE11-CEFC-4226-96B1-4B9A8F346516}"
EndProject
Global
	GlobalSection(SolutionConfigurationPlatforms) = preSolution
		Debug|Any CPU = Debug|Any CPU
		Debug|ARM = Debug|ARM
		Debug|ARM64 = Debug|ARM64
		Debug|x64 = Debug|x64
		Debug|x86 = Debug|x86
		Release|Any CPU = Release|Any CPU
		Release|ARM = Release|ARM
		Release|ARM64 = Release|ARM64
		Release|x64 = Release|x64
		Release|x86 = Release|x86
	EndGlobalSection
	GlobalSection(ProjectConfigurationPlatforms) = postSolution
		{BB3BC34B-CA42-4B42-BF42-EE46431DD232}.Debug|Any CPU.ActiveCfg = Debug|Any CPU
		{BB3BC34B-CA42-4B42-BF42-EE46431DD232}.Debug|Any CPU.Build.0 = Debug|Any CPU
		{BB3BC34B-CA42-4B42-BF42-EE46431DD232}.Debug|ARM.ActiveCfg = Debug|ARM
		{BB3BC34B-CA42-4B42-BF42-EE46431DD232}.Debug|ARM.Build.0 = Debug|ARM
		{BB3BC34B-CA42-4B42-BF42-EE46431DD232}.Debug|ARM64.ActiveCfg = Debug|ARM64
		{BB3BC34B-CA42-4B42-BF42-EE46431DD232}.Debug|ARM64.Build.0 = Debug|ARM64
		{BB3BC34B-CA42-4B42-BF42-EE46431DD232}.Debug|x64.ActiveCfg = Debug|x64
		{BB3BC34B-CA42-4B42-BF42-EE46431DD232}.Debug|x64.Build.0 = Debug|x64
		{BB3BC34B-CA42-4B42-BF42-EE46431DD232}.Debug|x86.ActiveCfg = Debug|x86
		{BB3BC34B-CA42-4B42-BF42-EE46431DD232}.Debug|x86.Build.0 = Debug|x86
		{BB3BC34B-CA42-4B42-BF42-EE46431DD232}.Release|Any CPU.ActiveCfg = Release|Any CPU
		{BB3BC34B-CA42-4B42-BF42-EE46431DD232}.Release|Any CPU.Build.0 = Release|Any CPU
		{BB3BC34B-CA42-4B42-BF42-EE46431DD232}.Release|ARM.ActiveCfg = Release|ARM
		{BB3BC34B-CA42-4B42-BF42-EE46431DD232}.Release|ARM.Build.0 = Release|ARM
		{BB3BC34B-CA42-4B42-BF42-EE46431DD232}.Release|ARM64.ActiveCfg = Release|ARM64
		{BB3BC34B-CA42-4B42-BF42-EE46431DD232}.Release|ARM64.Build.0 = Release|ARM64
		{BB3BC34B-CA42-4B42-BF42-EE46431DD232}.Release|x64.ActiveCfg = Release|x64
		{BB3BC34B-CA42-4B42-BF42-EE46431DD232}.Release|x64.Build.0 = Release|x64
		{BB3BC34B-CA42-4B42-BF42-EE46431DD232}.Release|x86.ActiveCfg = Release|x86
		{BB3BC34B-CA42-4B42-BF42-EE46431DD232}.Release|x86.Build.0 = Release|x86
		{0B5EBCFE-CCDB-4F60-A620-7B2B862C342E}.Debug|Any CPU.ActiveCfg = Debug|Any CPU
		{0B5EBCFE-CCDB-4F60-A620-7B2B862C342E}.Debug|Any CPU.Build.0 = Debug|Any CPU
		{0B5EBCFE-CCDB-4F60-A620-7B2B862C342E}.Debug|ARM.ActiveCfg = Debug|ARM
		{0B5EBCFE-CCDB-4F60-A620-7B2B862C342E}.Debug|ARM.Build.0 = Debug|ARM
		{0B5EBCFE-CCDB-4F60-A620-7B2B862C342E}.Debug|ARM64.ActiveCfg = Debug|ARM64
		{0B5EBCFE-CCDB-4F60-A620-7B2B862C342E}.Debug|ARM64.Build.0 = Debug|ARM64
		{0B5EBCFE-CCDB-4F60-A620-7B2B862C342E}.Debug|x64.ActiveCfg = Debug|x64
		{0B5EBCFE-CCDB-4F60-A620-7B2B862C342E}.Debug|x64.Build.0 = Debug|x64
		{0B5EBCFE-CCDB-4F60-A620-7B2B862C342E}.Debug|x86.ActiveCfg = Debug|x86
		{0B5EBCFE-CCDB-4F60-A620-7B2B862C342E}.Debug|x86.Build.0 = Debug|x86
		{0B5EBCFE-CCDB-4F60-A620-7B2B862C342E}.Release|Any CPU.ActiveCfg = Release|Any CPU
		{0B5EBCFE-CCDB-4F60-A620-7B2B862C342E}.Release|Any CPU.Build.0 = Release|Any CPU
		{0B5EBCFE-CCDB-4F60-A620-7B2B862C342E}.Release|ARM.ActiveCfg = Release|ARM
		{0B5EBCFE-CCDB-4F60-A620-7B2B862C342E}.Release|ARM.Build.0 = Release|ARM
		{0B5EBCFE-CCDB-4F60-A620-7B2B862C342E}.Release|ARM64.ActiveCfg = Release|ARM64
		{0B5EBCFE-CCDB-4F60-A620-7B2B862C342E}.Release|ARM64.Build.0 = Release|ARM64
		{0B5EBCFE-CCDB-4F60-A620-7B2B862C342E}.Release|x64.ActiveCfg = Release|x64
		{0B5EBCFE-CCDB-4F60-A620-7B2B862C342E}.Release|x64.Build.0 = Release|x64
		{0B5EBCFE-CCDB-4F60-A620-7B2B862C342E}.Release|x86.ActiveCfg = Release|x86
		{0B5EBCFE-CCDB-4F60-A620-7B2B862C342E}.Release|x86.Build.0 = Release|x86
		{F4149A11-A193-4D83-850A-B7C963284394}.Debug|Any CPU.ActiveCfg = Debug|Any CPU
		{F4149A11-A193-4D83-850A-B7C963284394}.Debug|Any CPU.Build.0 = Debug|Any CPU
		{F4149A11-A193-4D83-850A-B7C963284394}.Debug|ARM.ActiveCfg = Debug|ARM
		{F4149A11-A193-4D83-850A-B7C963284394}.Debug|ARM.Build.0 = Debug|ARM
		{F4149A11-A193-4D83-850A-B7C963284394}.Debug|ARM64.ActiveCfg = Debug|ARM64
		{F4149A11-A193-4D83-850A-B7C963284394}.Debug|ARM64.Build.0 = Debug|ARM64
		{F4149A11-A193-4D83-850A-B7C963284394}.Debug|x64.ActiveCfg = Debug|x64
		{F4149A11-A193-4D83-850A-B7C963284394}.Debug|x64.Build.0 = Debug|x64
		{F4149A11-A193-4D83-850A-B7C963284394}.Debug|x86.ActiveCfg = Debug|x86
		{F4149A11-A193-4D83-850A-B7C963284394}.Debug|x86.Build.0 = Debug|x86
		{F4149A11-A193-4D83-850A-B7C963284394}.Release|Any CPU.ActiveCfg = Release|Any CPU
		{F4149A11-A193-4D83-850A-B7C963284394}.Release|Any CPU.Build.0 = Release|Any CPU
		{F4149A11-A193-4D83-850A-B7C963284394}.Release|ARM.ActiveCfg = Release|ARM
		{F4149A11-A193-4D83-850A-B7C963284394}.Release|ARM.Build.0 = Release|ARM
		{F4149A11-A193-4D83-850A-B7C963284394}.Release|ARM64.ActiveCfg = Release|ARM64
		{F4149A11-A193-4D83-850A-B7C963284394}.Release|ARM64.Build.0 = Release|ARM64
		{F4149A11-A193-4D83-850A-B7C963284394}.Release|x64.ActiveCfg = Release|x64
		{F4149A11-A193-4D83-850A-B7C963284394}.Release|x64.Build.0 = Release|x64
		{F4149A11-A193-4D83-850A-B7C963284394}.Release|x86.ActiveCfg = Release|x86
		{F4149A11-A193-4D83-850A-B7C963284394}.Release|x86.Build.0 = Release|x86
		{86CBEFB0-F725-4068-B87D-0F0A8C266058}.Debug|Any CPU.ActiveCfg = Debug|Any CPU
		{86CBEFB0-F725-4068-B87D-0F0A8C266058}.Debug|Any CPU.Build.0 = Debug|Any CPU
		{86CBEFB0-F725-4068-B87D-0F0A8C266058}.Debug|ARM.ActiveCfg = Debug|ARM
		{86CBEFB0-F725-4068-B87D-0F0A8C266058}.Debug|ARM.Build.0 = Debug|ARM
		{86CBEFB0-F725-4068-B87D-0F0A8C266058}.Debug|ARM64.ActiveCfg = Debug|ARM64
		{86CBEFB0-F725-4068-B87D-0F0A8C266058}.Debug|ARM64.Build.0 = Debug|ARM64
		{86CBEFB0-F725-4068-B87D-0F0A8C266058}.Debug|x64.ActiveCfg = Debug|x64
		{86CBEFB0-F725-4068-B87D-0F0A8C266058}.Debug|x64.Build.0 = Debug|x64
		{86CBEFB0-F725-4068-B87D-0F0A8C266058}.Debug|x86.ActiveCfg = Debug|x86
		{86CBEFB0-F725-4068-B87D-0F0A8C266058}.Debug|x86.Build.0 = Debug|x86
		{86CBEFB0-F725-4068-B87D-0F0A8C266058}.Release|Any CPU.ActiveCfg = Release|Any CPU
		{86CBEFB0-F725-4068-B87D-0F0A8C266058}.Release|Any CPU.Build.0 = Release|Any CPU
		{86CBEFB0-F725-4068-B87D-0F0A8C266058}.Release|ARM.ActiveCfg = Release|ARM
		{86CBEFB0-F725-4068-B87D-0F0A8C266058}.Release|ARM.Build.0 = Release|ARM
		{86CBEFB0-F725-4068-B87D-0F0A8C266058}.Release|ARM64.ActiveCfg = Release|ARM64
		{86CBEFB0-F725-4068-B87D-0F0A8C266058}.Release|ARM64.Build.0 = Release|ARM64
		{86CBEFB0-F725-4068-B87D-0F0A8C266058}.Release|x64.ActiveCfg = Release|x64
		{86CBEFB0-F725-4068-B87D-0F0A8C266058}.Release|x64.Build.0 = Release|x64
		{86CBEFB0-F725-4068-B87D-0F0A8C266058}.Release|x86.ActiveCfg = Release|x86
		{86CBEFB0-F725-4068-B87D-0F0A8C266058}.Release|x86.Build.0 = Release|x86
		{E8697B4F-C7EC-4E24-9D7C-E965950A9952}.Debug|Any CPU.ActiveCfg = Debug|x86
		{E8697B4F-C7EC-4E24-9D7C-E965950A9952}.Debug|ARM.ActiveCfg = Debug|ARM
		{E8697B4F-C7EC-4E24-9D7C-E965950A9952}.Debug|ARM.Build.0 = Debug|ARM
		{E8697B4F-C7EC-4E24-9D7C-E965950A9952}.Debug|ARM.Deploy.0 = Debug|ARM
		{E8697B4F-C7EC-4E24-9D7C-E965950A9952}.Debug|ARM64.ActiveCfg = Debug|x86
		{E8697B4F-C7EC-4E24-9D7C-E965950A9952}.Debug|x64.ActiveCfg = Debug|x64
		{E8697B4F-C7EC-4E24-9D7C-E965950A9952}.Debug|x64.Build.0 = Debug|x64
		{E8697B4F-C7EC-4E24-9D7C-E965950A9952}.Debug|x64.Deploy.0 = Debug|x64
		{E8697B4F-C7EC-4E24-9D7C-E965950A9952}.Debug|x86.ActiveCfg = Debug|x86
		{E8697B4F-C7EC-4E24-9D7C-E965950A9952}.Debug|x86.Build.0 = Debug|x86
		{E8697B4F-C7EC-4E24-9D7C-E965950A9952}.Debug|x86.Deploy.0 = Debug|x86
		{E8697B4F-C7EC-4E24-9D7C-E965950A9952}.Release|Any CPU.ActiveCfg = Release|x86
		{E8697B4F-C7EC-4E24-9D7C-E965950A9952}.Release|ARM.ActiveCfg = Release|ARM
		{E8697B4F-C7EC-4E24-9D7C-E965950A9952}.Release|ARM.Build.0 = Release|ARM
		{E8697B4F-C7EC-4E24-9D7C-E965950A9952}.Release|ARM.Deploy.0 = Release|ARM
		{E8697B4F-C7EC-4E24-9D7C-E965950A9952}.Release|ARM64.ActiveCfg = Release|x86
		{E8697B4F-C7EC-4E24-9D7C-E965950A9952}.Release|x64.ActiveCfg = Release|x64
		{E8697B4F-C7EC-4E24-9D7C-E965950A9952}.Release|x64.Build.0 = Release|x64
		{E8697B4F-C7EC-4E24-9D7C-E965950A9952}.Release|x64.Deploy.0 = Release|x64
		{E8697B4F-C7EC-4E24-9D7C-E965950A9952}.Release|x86.ActiveCfg = Release|x86
		{E8697B4F-C7EC-4E24-9D7C-E965950A9952}.Release|x86.Build.0 = Release|x86
		{E8697B4F-C7EC-4E24-9D7C-E965950A9952}.Release|x86.Deploy.0 = Release|x86
		{A617A4BF-1ABE-4088-8029-8E945C7D4107}.Debug|Any CPU.ActiveCfg = Debug|Any CPU
		{A617A4BF-1ABE-4088-8029-8E945C7D4107}.Debug|Any CPU.Build.0 = Debug|Any CPU
		{A617A4BF-1ABE-4088-8029-8E945C7D4107}.Debug|ARM.ActiveCfg = Debug|ARM
		{A617A4BF-1ABE-4088-8029-8E945C7D4107}.Debug|ARM.Build.0 = Debug|ARM
		{A617A4BF-1ABE-4088-8029-8E945C7D4107}.Debug|ARM64.ActiveCfg = Debug|ARM64
		{A617A4BF-1ABE-4088-8029-8E945C7D4107}.Debug|ARM64.Build.0 = Debug|ARM64
		{A617A4BF-1ABE-4088-8029-8E945C7D4107}.Debug|x64.ActiveCfg = Debug|x64
		{A617A4BF-1ABE-4088-8029-8E945C7D4107}.Debug|x64.Build.0 = Debug|x64
		{A617A4BF-1ABE-4088-8029-8E945C7D4107}.Debug|x86.ActiveCfg = Debug|x86
		{A617A4BF-1ABE-4088-8029-8E945C7D4107}.Debug|x86.Build.0 = Debug|x86
		{A617A4BF-1ABE-4088-8029-8E945C7D4107}.Release|Any CPU.ActiveCfg = Release|Any CPU
		{A617A4BF-1ABE-4088-8029-8E945C7D4107}.Release|Any CPU.Build.0 = Release|Any CPU
		{A617A4BF-1ABE-4088-8029-8E945C7D4107}.Release|ARM.ActiveCfg = Release|ARM
		{A617A4BF-1ABE-4088-8029-8E945C7D4107}.Release|ARM.Build.0 = Release|ARM
		{A617A4BF-1ABE-4088-8029-8E945C7D4107}.Release|ARM64.ActiveCfg = Release|ARM64
		{A617A4BF-1ABE-4088-8029-8E945C7D4107}.Release|ARM64.Build.0 = Release|ARM64
		{A617A4BF-1ABE-4088-8029-8E945C7D4107}.Release|x64.ActiveCfg = Release|x64
		{A617A4BF-1ABE-4088-8029-8E945C7D4107}.Release|x64.Build.0 = Release|x64
		{A617A4BF-1ABE-4088-8029-8E945C7D4107}.Release|x86.ActiveCfg = Release|x86
		{A617A4BF-1ABE-4088-8029-8E945C7D4107}.Release|x86.Build.0 = Release|x86
		{8ABB73EE-25AE-4C2C-8915-68788B8D6C3F}.Debug|Any CPU.ActiveCfg = Debug|Any CPU
		{8ABB73EE-25AE-4C2C-8915-68788B8D6C3F}.Debug|Any CPU.Build.0 = Debug|Any CPU
		{8ABB73EE-25AE-4C2C-8915-68788B8D6C3F}.Debug|ARM.ActiveCfg = Debug|ARM
		{8ABB73EE-25AE-4C2C-8915-68788B8D6C3F}.Debug|ARM.Build.0 = Debug|ARM
		{8ABB73EE-25AE-4C2C-8915-68788B8D6C3F}.Debug|ARM64.ActiveCfg = Debug|ARM64
		{8ABB73EE-25AE-4C2C-8915-68788B8D6C3F}.Debug|ARM64.Build.0 = Debug|ARM64
		{8ABB73EE-25AE-4C2C-8915-68788B8D6C3F}.Debug|x64.ActiveCfg = Debug|x64
		{8ABB73EE-25AE-4C2C-8915-68788B8D6C3F}.Debug|x64.Build.0 = Debug|x64
		{8ABB73EE-25AE-4C2C-8915-68788B8D6C3F}.Debug|x86.ActiveCfg = Debug|x86
		{8ABB73EE-25AE-4C2C-8915-68788B8D6C3F}.Debug|x86.Build.0 = Debug|x86
		{8ABB73EE-25AE-4C2C-8915-68788B8D6C3F}.Release|Any CPU.ActiveCfg = Release|Any CPU
		{8ABB73EE-25AE-4C2C-8915-68788B8D6C3F}.Release|Any CPU.Build.0 = Release|Any CPU
		{8ABB73EE-25AE-4C2C-8915-68788B8D6C3F}.Release|ARM.ActiveCfg = Release|ARM
		{8ABB73EE-25AE-4C2C-8915-68788B8D6C3F}.Release|ARM.Build.0 = Release|ARM
		{8ABB73EE-25AE-4C2C-8915-68788B8D6C3F}.Release|ARM64.ActiveCfg = Release|ARM64
		{8ABB73EE-25AE-4C2C-8915-68788B8D6C3F}.Release|ARM64.Build.0 = Release|ARM64
		{8ABB73EE-25AE-4C2C-8915-68788B8D6C3F}.Release|x64.ActiveCfg = Release|x64
		{8ABB73EE-25AE-4C2C-8915-68788B8D6C3F}.Release|x64.Build.0 = Release|x64
		{8ABB73EE-25AE-4C2C-8915-68788B8D6C3F}.Release|x86.ActiveCfg = Release|x86
		{8ABB73EE-25AE-4C2C-8915-68788B8D6C3F}.Release|x86.Build.0 = Release|x86
		{B1B492F6-7E3D-4313-B304-471D387AA7DD}.Debug|Any CPU.ActiveCfg = Debug|Any CPU
		{B1B492F6-7E3D-4313-B304-471D387AA7DD}.Debug|Any CPU.Build.0 = Debug|Any CPU
		{B1B492F6-7E3D-4313-B304-471D387AA7DD}.Debug|ARM.ActiveCfg = Debug|ARM
		{B1B492F6-7E3D-4313-B304-471D387AA7DD}.Debug|ARM.Build.0 = Debug|ARM
		{B1B492F6-7E3D-4313-B304-471D387AA7DD}.Debug|ARM64.ActiveCfg = Debug|ARM64
		{B1B492F6-7E3D-4313-B304-471D387AA7DD}.Debug|ARM64.Build.0 = Debug|ARM64
		{B1B492F6-7E3D-4313-B304-471D387AA7DD}.Debug|x64.ActiveCfg = Debug|x64
		{B1B492F6-7E3D-4313-B304-471D387AA7DD}.Debug|x64.Build.0 = Debug|x64
		{B1B492F6-7E3D-4313-B304-471D387AA7DD}.Debug|x86.ActiveCfg = Debug|x86
		{B1B492F6-7E3D-4313-B304-471D387AA7DD}.Debug|x86.Build.0 = Debug|x86
		{B1B492F6-7E3D-4313-B304-471D387AA7DD}.Release|Any CPU.ActiveCfg = Release|Any CPU
		{B1B492F6-7E3D-4313-B304-471D387AA7DD}.Release|Any CPU.Build.0 = Release|Any CPU
		{B1B492F6-7E3D-4313-B304-471D387AA7DD}.Release|ARM.ActiveCfg = Release|ARM
		{B1B492F6-7E3D-4313-B304-471D387AA7DD}.Release|ARM.Build.0 = Release|ARM
		{B1B492F6-7E3D-4313-B304-471D387AA7DD}.Release|ARM64.ActiveCfg = Release|ARM64
		{B1B492F6-7E3D-4313-B304-471D387AA7DD}.Release|ARM64.Build.0 = Release|ARM64
		{B1B492F6-7E3D-4313-B304-471D387AA7DD}.Release|x64.ActiveCfg = Release|x64
		{B1B492F6-7E3D-4313-B304-471D387AA7DD}.Release|x64.Build.0 = Release|x64
		{B1B492F6-7E3D-4313-B304-471D387AA7DD}.Release|x86.ActiveCfg = Release|x86
		{B1B492F6-7E3D-4313-B304-471D387AA7DD}.Release|x86.Build.0 = Release|x86
		{F36C38BC-AE20-4607-B945-AFBF895721DF}.Debug|Any CPU.ActiveCfg = Debug|Any CPU
		{F36C38BC-AE20-4607-B945-AFBF895721DF}.Debug|Any CPU.Build.0 = Debug|Any CPU
		{F36C38BC-AE20-4607-B945-AFBF895721DF}.Debug|ARM.ActiveCfg = Debug|ARM
		{F36C38BC-AE20-4607-B945-AFBF895721DF}.Debug|ARM.Build.0 = Debug|ARM
		{F36C38BC-AE20-4607-B945-AFBF895721DF}.Debug|ARM64.ActiveCfg = Debug|ARM64
		{F36C38BC-AE20-4607-B945-AFBF895721DF}.Debug|ARM64.Build.0 = Debug|ARM64
		{F36C38BC-AE20-4607-B945-AFBF895721DF}.Debug|x64.ActiveCfg = Debug|x64
		{F36C38BC-AE20-4607-B945-AFBF895721DF}.Debug|x64.Build.0 = Debug|x64
		{F36C38BC-AE20-4607-B945-AFBF895721DF}.Debug|x86.ActiveCfg = Debug|x86
		{F36C38BC-AE20-4607-B945-AFBF895721DF}.Debug|x86.Build.0 = Debug|x86
		{F36C38BC-AE20-4607-B945-AFBF895721DF}.Release|Any CPU.ActiveCfg = Release|Any CPU
		{F36C38BC-AE20-4607-B945-AFBF895721DF}.Release|Any CPU.Build.0 = Release|Any CPU
		{F36C38BC-AE20-4607-B945-AFBF895721DF}.Release|ARM.ActiveCfg = Release|ARM
		{F36C38BC-AE20-4607-B945-AFBF895721DF}.Release|ARM.Build.0 = Release|ARM
		{F36C38BC-AE20-4607-B945-AFBF895721DF}.Release|ARM64.ActiveCfg = Release|ARM64
		{F36C38BC-AE20-4607-B945-AFBF895721DF}.Release|ARM64.Build.0 = Release|ARM64
		{F36C38BC-AE20-4607-B945-AFBF895721DF}.Release|x64.ActiveCfg = Release|x64
		{F36C38BC-AE20-4607-B945-AFBF895721DF}.Release|x64.Build.0 = Release|x64
		{F36C38BC-AE20-4607-B945-AFBF895721DF}.Release|x86.ActiveCfg = Release|x86
		{F36C38BC-AE20-4607-B945-AFBF895721DF}.Release|x86.Build.0 = Release|x86
		{8003BE11-CEFC-4226-96B1-4B9A8F346516}.Debug|Any CPU.ActiveCfg = Debug|Any CPU
		{8003BE11-CEFC-4226-96B1-4B9A8F346516}.Debug|Any CPU.Build.0 = Debug|Any CPU
		{8003BE11-CEFC-4226-96B1-4B9A8F346516}.Debug|ARM.ActiveCfg = Debug|ARM
		{8003BE11-CEFC-4226-96B1-4B9A8F346516}.Debug|ARM.Build.0 = Debug|ARM
		{8003BE11-CEFC-4226-96B1-4B9A8F346516}.Debug|ARM64.ActiveCfg = Debug|ARM64
		{8003BE11-CEFC-4226-96B1-4B9A8F346516}.Debug|ARM64.Build.0 = Debug|ARM64
		{8003BE11-CEFC-4226-96B1-4B9A8F346516}.Debug|x64.ActiveCfg = Debug|x64
		{8003BE11-CEFC-4226-96B1-4B9A8F346516}.Debug|x64.Build.0 = Debug|x64
		{8003BE11-CEFC-4226-96B1-4B9A8F346516}.Debug|x86.ActiveCfg = Debug|x86
		{8003BE11-CEFC-4226-96B1-4B9A8F346516}.Debug|x86.Build.0 = Debug|x86
		{8003BE11-CEFC-4226-96B1-4B9A8F346516}.Release|Any CPU.ActiveCfg = Release|Any CPU
		{8003BE11-CEFC-4226-96B1-4B9A8F346516}.Release|Any CPU.Build.0 = Release|Any CPU
		{8003BE11-CEFC-4226-96B1-4B9A8F346516}.Release|ARM.ActiveCfg = Release|ARM
		{8003BE11-CEFC-4226-96B1-4B9A8F346516}.Release|ARM.Build.0 = Release|ARM
		{8003BE11-CEFC-4226-96B1-4B9A8F346516}.Release|ARM64.ActiveCfg = Release|ARM64
		{8003BE11-CEFC-4226-96B1-4B9A8F346516}.Release|ARM64.Build.0 = Release|ARM64
		{8003BE11-CEFC-4226-96B1-4B9A8F346516}.Release|x64.ActiveCfg = Release|x64
		{8003BE11-CEFC-4226-96B1-4B9A8F346516}.Release|x64.Build.0 = Release|x64
		{8003BE11-CEFC-4226-96B1-4B9A8F346516}.Release|x86.ActiveCfg = Release|x86
		{8003BE11-CEFC-4226-96B1-4B9A8F346516}.Release|x86.Build.0 = Release|x86
	EndGlobalSection
	GlobalSection(SolutionProperties) = preSolution
		HideSolutionNode = FALSE
	EndGlobalSection
	GlobalSection(ExtensibilityGlobals) = postSolution
		SolutionGuid = {9F078385-D9D5-4B19-BF83-1BE4B9E19872}
	EndGlobalSection
EndGlobal
